version = 1
revision = 1
requires-python = ">=3.10"

[[package]]
name = "asttokens"
version = "2.4.1"
source = { registry = "https://pypi.org/simple" }
dependencies = [
    { name = "six" },
]
sdist = { url = "https://files.pythonhosted.org/packages/45/1d/f03bcb60c4a3212e15f99a56085d93093a497718adf828d050b9d675da81/asttokens-2.4.1.tar.gz", hash = "sha256:b03869718ba9a6eb027e134bfdf69f38a236d681c83c160d510768af11254ba0", size = 62284 }
wheels = [
    { url = "https://files.pythonhosted.org/packages/45/86/4736ac618d82a20d87d2f92ae19441ebc7ac9e7a581d7e58bbe79233b24a/asttokens-2.4.1-py2.py3-none-any.whl", hash = "sha256:051ed49c3dcae8913ea7cd08e46a606dba30b79993209636c4875bc1d637bc24", size = 27764 },
]

[[package]]
name = "cbor2"
version = "5.6.5"
source = { registry = "https://pypi.org/simple" }
sdist = { url = "https://files.pythonhosted.org/packages/e4/aa/ba55b47d51d27911981a18743b4d3cebfabccbb0598c09801b734cec4184/cbor2-5.6.5.tar.gz", hash = "sha256:b682820677ee1dbba45f7da11898d2720f92e06be36acec290867d5ebf3d7e09", size = 100886 }
wheels = [
    { url = "https://files.pythonhosted.org/packages/f1/f2/eada1d3fcaeddbd0f9a25381eed6b150f2858cf615d33ef7c14f9f86218a/cbor2-5.6.5-cp310-cp310-macosx_10_9_x86_64.whl", hash = "sha256:e16c4a87fc999b4926f5c8f6c696b0d251b4745bc40f6c5aee51d69b30b15ca2", size = 66473 },
    { url = "https://files.pythonhosted.org/packages/62/d8/33ec188eeff9c5e2e8ee8e214d15a0edf8fd001eefa01730e27834cfd410/cbor2-5.6.5-cp310-cp310-macosx_11_0_arm64.whl", hash = "sha256:87026fc838370d69f23ed8572939bd71cea2b3f6c8f8bb8283f573374b4d7f33", size = 67421 },
    { url = "https://files.pythonhosted.org/packages/fa/88/9b5fc312f21a10e048c348cead933e9f891cc09a295757957d8a5726641f/cbor2-5.6.5-cp310-cp310-manylinux_2_17_aarch64.manylinux2014_aarch64.whl", hash = "sha256:a88f029522aec5425fc2f941b3df90da7688b6756bd3f0472ab886d21208acbd", size = 253856 },
    { url = "https://files.pythonhosted.org/packages/bb/41/debb6f35d240caa8078a4a27c03e7eed09737575c564d619e1ee0e829616/cbor2-5.6.5-cp310-cp310-manylinux_2_17_x86_64.manylinux2014_x86_64.whl", hash = "sha256:b9d15b638539b68aa5d5eacc56099b4543a38b2d2c896055dccf7e83d24b7955", size = 242074 },
    { url = "https://files.pythonhosted.org/packages/0b/ba/5c07b001bb26bd91d96e4b3b720676a909e1acdbaf7d250a47c5d7a5a0f7/cbor2-5.6.5-cp310-cp310-musllinux_1_2_aarch64.whl", hash = "sha256:47261f54a024839ec649b950013c4de5b5f521afe592a2688eebbe22430df1dc", size = 241723 },
    { url = "https://files.pythonhosted.org/packages/b2/d5/27eced2cee4725bb876875f26d659063e2b7750d0dfb7572f451b569c4d1/cbor2-5.6.5-cp310-cp310-musllinux_1_2_x86_64.whl", hash = "sha256:559dcf0d897260a9e95e7b43556a62253e84550b77147a1ad4d2c389a2a30192", size = 240534 },
    { url = "https://files.pythonhosted.org/packages/20/55/bd657fdedb0d046762f9bf567b262b233175995d40302cdaa71d9aadcec8/cbor2-5.6.5-cp310-cp310-win_amd64.whl", hash = "sha256:5b856fda4c50c5bc73ed3664e64211fa4f015970ed7a15a4d6361bd48462feaf", size = 66291 },
    { url = "https://files.pythonhosted.org/packages/bd/b7/ef045245180510305648fd604244d3bb1ecf1b20de68f42ab5bc20198024/cbor2-5.6.5-cp311-cp311-macosx_10_9_x86_64.whl", hash = "sha256:863e0983989d56d5071270790e7ed8ddbda88c9e5288efdb759aba2efee670bc", size = 66452 },
    { url = "https://files.pythonhosted.org/packages/41/20/5a9d93f86b1e8fd9d9db33aff39c0e3a8459e0803ec24bd837d8b56d4a1d/cbor2-5.6.5-cp311-cp311-macosx_11_0_arm64.whl", hash = "sha256:5cff06464b8f4ca6eb9abcba67bda8f8334a058abc01005c8e616728c387ad32", size = 67421 },
    { url = "https://files.pythonhosted.org/packages/0f/1e/2010f6d02dd117df88df64baf3eeca6aa6614cc81bdd6bfabf615889cf1f/cbor2-5.6.5-cp311-cp311-manylinux_2_17_aarch64.manylinux2014_aarch64.whl", hash = "sha256:f4c7dbcdc59ea7f5a745d3e30ee5e6b6ff5ce7ac244aa3de6786391b10027bb3", size = 260756 },
    { url = "https://files.pythonhosted.org/packages/e1/84/e177d9bef4749d14f31c513b25e341ac84e403e2ffa2bde562eac9e6184b/cbor2-5.6.5-cp311-cp311-manylinux_2_17_x86_64.manylinux2014_x86_64.whl", hash = "sha256:34cf5ab0dc310c3d0196caa6ae062dc09f6c242e2544bea01691fe60c0230596", size = 249210 },
    { url = "https://files.pythonhosted.org/packages/38/75/ebfdbb281104b46419fe7cb65979de9927b75acebcb6afa0af291f728cd2/cbor2-5.6.5-cp311-cp311-musllinux_1_2_aarch64.whl", hash = "sha256:6797b824b26a30794f2b169c0575301ca9b74ae99064e71d16e6ba0c9057de51", size = 249138 },
    { url = "https://files.pythonhosted.org/packages/b2/1e/12d887fb1a8227a16181eeec5d43057e251204626d73e1c20a77046ac1b1/cbor2-5.6.5-cp311-cp311-musllinux_1_2_x86_64.whl", hash = "sha256:73b9647eed1493097db6aad61e03d8f1252080ee041a1755de18000dd2c05f37", size = 247156 },
    { url = "https://files.pythonhosted.org/packages/6f/76/478c12193de9517ce691bb8a3f7c00eafdd6a1bc3f7f23282ecdd99d02ec/cbor2-5.6.5-cp311-cp311-win_amd64.whl", hash = "sha256:6e14a1bf6269d25e02ef1d4008e0ce8880aa271d7c6b4c329dba48645764f60e", size = 66319 },
    { url = "https://files.pythonhosted.org/packages/57/af/84ced14c541451696825b7b8ccbb7668f688372ad8ee74aaca4311e79672/cbor2-5.6.5-cp312-cp312-macosx_10_13_x86_64.whl", hash = "sha256:e25c2aebc9db99af7190e2261168cdde8ed3d639ca06868e4f477cf3a228a8e9", size = 67553 },
    { url = "https://files.pythonhosted.org/packages/f2/d6/f63a840c68fed4de67d5441947af2dc695152cc488bb0e57312832fb923a/cbor2-5.6.5-cp312-cp312-macosx_11_0_arm64.whl", hash = "sha256:fde21ac1cf29336a31615a2c469a9cb03cf0add3ae480672d4d38cda467d07fc", size = 67569 },
    { url = "https://files.pythonhosted.org/packages/77/ac/5fb79db6e882ec29680f4a974d35c098020a1b4709cad077667a8c3f4676/cbor2-5.6.5-cp312-cp312-manylinux_2_17_aarch64.manylinux2014_aarch64.whl", hash = "sha256:a8947c102cac79d049eadbd5e2ffb8189952890df7cbc3ee262bbc2f95b011a9", size = 276610 },
    { url = "https://files.pythonhosted.org/packages/cf/cb/70751377d94112001d46c311b5c40b45f34863dfa78a6bc71b71f40c8c7f/cbor2-5.6.5-cp312-cp312-manylinux_2_17_x86_64.manylinux2014_x86_64.whl", hash = "sha256:38886c41bebcd7dca57739439455bce759f1e4c551b511f618b8e9c1295b431b", size = 270004 },
    { url = "https://files.pythonhosted.org/packages/f1/90/08800367e920aef31b93bd7b0cd6fadcb3a3f2243f4ed77a0d1c76f22b99/cbor2-5.6.5-cp312-cp312-musllinux_1_2_aarch64.whl", hash = "sha256:ae2b49226224e92851c333b91d83292ec62eba53a19c68a79890ce35f1230d70", size = 264913 },
    { url = "https://files.pythonhosted.org/packages/a8/9c/76b11a5ea7548bccb0dfef3e8fb3ede48bfeb39348f0c217519e0c40d33a/cbor2-5.6.5-cp312-cp312-musllinux_1_2_x86_64.whl", hash = "sha256:f2764804ffb6553283fc4afb10a280715905a4cea4d6dc7c90d3e89c4a93bc8d", size = 266751 },
    { url = "https://files.pythonhosted.org/packages/10/18/3866693a87c90cb12f7942e791d0f03a40ba44887dde7b7fc85319647efe/cbor2-5.6.5-cp312-cp312-win_amd64.whl", hash = "sha256:a3ac50485cf67dfaab170a3e7b527630e93cb0a6af8cdaa403054215dff93adf", size = 66739 },
    { url = "https://files.pythonhosted.org/packages/2b/69/77e93caae71d1baee927c9762e702c464715d88073133052c74ecc9d37d4/cbor2-5.6.5-cp313-cp313-macosx_10_13_x86_64.whl", hash = "sha256:f0d0a9c5aabd48ecb17acf56004a7542a0b8d8212be52f3102b8218284bd881e", size = 67647 },
    { url = "https://files.pythonhosted.org/packages/84/83/cb941d4fd10e4696b2c0f6fb2e3056d9a296e5765b2000a69e29a507f819/cbor2-5.6.5-cp313-cp313-macosx_11_0_arm64.whl", hash = "sha256:61ceb77e6aa25c11c814d4fe8ec9e3bac0094a1f5bd8a2a8c95694596ea01e08", size = 67657 },
    { url = "https://files.pythonhosted.org/packages/5c/3f/e16a1e29994483c751b714cdf61d2956290b0b30e94690fa714a9f155c5c/cbor2-5.6.5-cp313-cp313-manylinux_2_17_aarch64.manylinux2014_aarch64.whl", hash = "sha256:97a7e409b864fecf68b2ace8978eb5df1738799a333ec3ea2b9597bfcdd6d7d2", size = 275863 },
    { url = "https://files.pythonhosted.org/packages/64/04/f64bda3eea649fe6644c59f13d0e1f4666d975ce305cadf13835233b2a26/cbor2-5.6.5-cp313-cp313-manylinux_2_17_x86_64.manylinux2014_x86_64.whl", hash = "sha256:7f6d69f38f7d788b04c09ef2b06747536624b452b3c8b371ab78ad43b0296fab", size = 269131 },
    { url = "https://files.pythonhosted.org/packages/f4/8d/0d5ad3467f70578b032b3f52eb0f01f0327d5ae6b1f9e7d4d4e01a73aa95/cbor2-5.6.5-cp313-cp313-musllinux_1_2_aarch64.whl", hash = "sha256:f91e6d74fa6917df31f8757fdd0e154203b0dd0609ec53eb957016a2b474896a", size = 264728 },
    { url = "https://files.pythonhosted.org/packages/77/cb/9b4f7890325eaa374c21fcccfee61a099ccb9ea0bc0f606acf7495f9568c/cbor2-5.6.5-cp313-cp313-musllinux_1_2_x86_64.whl", hash = "sha256:5ce13a27ef8fddf643fc17a753fe34aa72b251d03c23da6a560c005dc171085b", size = 266314 },
    { url = "https://files.pythonhosted.org/packages/a8/cd/793dc041395609f5dd1edfdf0aecde504dc0fd35ed67eb3b2db79fb8ef4d/cbor2-5.6.5-cp313-cp313-win_amd64.whl", hash = "sha256:54c72a3207bb2d4480c2c39dad12d7971ce0853a99e3f9b8d559ce6eac84f66f", size = 66792 },
    { url = "https://files.pythonhosted.org/packages/9b/ef/1c4698cac96d792005ef0611832f38eaee477c275ab4b02cbfc4daba7ad3/cbor2-5.6.5-py3-none-any.whl", hash = "sha256:3038523b8fc7de312bb9cdcbbbd599987e64307c4db357cd2030c472a6c7d468", size = 23752 },
]

[[package]]
name = "click"
version = "8.1.8"
source = { registry = "https://pypi.org/simple" }
dependencies = [
    { name = "colorama", marker = "sys_platform == 'win32'" },
]
sdist = { url = "https://files.pythonhosted.org/packages/b9/2e/0090cbf739cee7d23781ad4b89a9894a41538e4fcf4c31dcdd705b78eb8b/click-8.1.8.tar.gz", hash = "sha256:ed53c9d8990d83c2a27deae68e4ee337473f6330c040a31d4225c9574d16096a", size = 226593 }
wheels = [
    { url = "https://files.pythonhosted.org/packages/7e/d4/7ebdbd03970677812aac39c869717059dbb71a4cfc033ca6e5221787892c/click-8.1.8-py3-none-any.whl", hash = "sha256:63c132bbbed01578a06712a2d1f497bb62d9c1c0d329b7903a866228027263b2", size = 98188 },
]

[[package]]
name = "colorama"
version = "0.4.6"
source = { registry = "https://pypi.org/simple" }
sdist = { url = "https://files.pythonhosted.org/packages/d8/53/6f443c9a4a8358a93a6792e2acffb9d9d5cb0a5cfd8802644b7b1c9a02e4/colorama-0.4.6.tar.gz", hash = "sha256:08695f5cb7ed6e0531a20572697297273c47b8cae5a63ffc6d6ed5c201be6e44", size = 27697 }
wheels = [
    { url = "https://files.pythonhosted.org/packages/d1/d6/3965ed04c63042e047cb6a3e6ed1a63a35087b6a609aa3a15ed8ac56c221/colorama-0.4.6-py2.py3-none-any.whl", hash = "sha256:4f1d9991f5acc0ca119f9d443620b77f9d6b33703e51011c16baf57afb285fc6", size = 25335 },
]

[[package]]
name = "importlib-metadata"
version = "8.6.1"
source = { registry = "https://pypi.org/simple" }
dependencies = [
    { name = "zipp" },
]
sdist = { url = "https://files.pythonhosted.org/packages/33/08/c1395a292bb23fd03bdf572a1357c5a733d3eecbab877641ceacab23db6e/importlib_metadata-8.6.1.tar.gz", hash = "sha256:310b41d755445d74569f993ccfc22838295d9fe005425094fad953d7f15c8580", size = 55767 }
wheels = [
    { url = "https://files.pythonhosted.org/packages/79/9d/0fb148dc4d6fa4a7dd1d8378168d9b4cd8d4560a6fbf6f0121c5fc34eb68/importlib_metadata-8.6.1-py3-none-any.whl", hash = "sha256:02a89390c1e15fdfdc0d7c6b25cb3e62650d0494005c97d6f148bf5b9787525e", size = 26971 },
]

[[package]]
name = "lark"
version = "1.2.2"
source = { registry = "https://pypi.org/simple" }
sdist = { url = "https://files.pythonhosted.org/packages/af/60/bc7622aefb2aee1c0b4ba23c1446d3e30225c8770b38d7aedbfb65ca9d5a/lark-1.2.2.tar.gz", hash = "sha256:ca807d0162cd16cef15a8feecb862d7319e7a09bdb13aef927968e45040fed80", size = 252132 }
wheels = [
    { url = "https://files.pythonhosted.org/packages/2d/00/d90b10b962b4277f5e64a78b6609968859ff86889f5b898c1a778c06ec00/lark-1.2.2-py3-none-any.whl", hash = "sha256:c2276486b02f0f1b90be155f2c8ba4a8e194d42775786db622faccd652d8e80c", size = 111036 },
]

[[package]]
name = "mamushi"
version = "0.0.4"
source = { registry = "https://pypi.org/simple" }
dependencies = [
    { name = "click" },
    { name = "lark" },
    { name = "mypy-extensions" },
    { name = "pathspec" },
]
sdist = { url = "https://files.pythonhosted.org/packages/db/3f/e8a9afe7b0a6cccf079e517698bdd0ed31ec9ba8315210735e3ea1f48ee4/mamushi-0.0.4.tar.gz", hash = "sha256:b1889ed3acf8d58c4a348237f47f79f5447e4f1fa1fe8435f4613095dc6381ad", size = 45758 }
wheels = [
    { url = "https://files.pythonhosted.org/packages/77/77/e27c6cd0a3340a437c64465c3bd31e984650008e7fa4f564b431f97d8288/mamushi-0.0.4-py3-none-any.whl", hash = "sha256:fa4e0160cb6323f7c4336ec8ec057ab0dbe5fd22866217c7cf9093add935d178", size = 48169 },
]

[[package]]
name = "mypy-extensions"
version = "0.4.3"
source = { registry = "https://pypi.org/simple" }
sdist = { url = "https://files.pythonhosted.org/packages/63/60/0582ce2eaced55f65a4406fc97beba256de4b7a95a0034c6576458c6519f/mypy_extensions-0.4.3.tar.gz", hash = "sha256:2d82818f5bb3e369420cb3c4060a7970edba416647068eb4c5343488a6c604a8", size = 4252 }
wheels = [
    { url = "https://files.pythonhosted.org/packages/5c/eb/975c7c080f3223a5cdaff09612f3a5221e4ba534f7039db34c35d95fa6a5/mypy_extensions-0.4.3-py2.py3-none-any.whl", hash = "sha256:090fedd75945a69ae91ce1303b5824f428daf5a028d2f6ab8a299250a846f15d", size = 4470 },
]

[[package]]
name = "packaging"
version = "23.2"
source = { registry = "https://pypi.org/simple" }
sdist = { url = "https://files.pythonhosted.org/packages/fb/2b/9b9c33ffed44ee921d0967086d653047286054117d584f1b1a7c22ceaf7b/packaging-23.2.tar.gz", hash = "sha256:048fb0e9405036518eaaf48a55953c750c11e1a1b68e0dd1a9d62ed0c092cfc5", size = 146714 }
wheels = [
    { url = "https://files.pythonhosted.org/packages/ec/1a/610693ac4ee14fcdf2d9bf3c493370e4f2ef7ae2e19217d7a237ff42367d/packaging-23.2-py3-none-any.whl", hash = "sha256:8c491190033a9af7e1d931d0b5dacc2ef47509b34dd0de67ed209b5203fc88c7", size = 53011 },
]

[[package]]
name = "pathspec"
version = "0.12.1"
source = { registry = "https://pypi.org/simple" }
sdist = { url = "https://files.pythonhosted.org/packages/ca/bc/f35b8446f4531a7cb215605d100cd88b7ac6f44ab3fc94870c120ab3adbf/pathspec-0.12.1.tar.gz", hash = "sha256:a482d51503a1ab33b1c67a6c3813a26953dbdc71c31dacaef9a838c4e29f5712", size = 51043 }
wheels = [
    { url = "https://files.pythonhosted.org/packages/cc/20/ff623b09d963f88bfde16306a54e12ee5ea43e9b597108672ff3a408aad6/pathspec-0.12.1-py3-none-any.whl", hash = "sha256:a0d503e138a4c123b27490a4f7beda6a01c6f288df0e4a8b79c7eb0dc7b4cc08", size = 31191 },
]

[[package]]
name = "pycryptodome"
version = "3.22.0"
source = { registry = "https://pypi.org/simple" }
sdist = { url = "https://files.pythonhosted.org/packages/44/e6/099310419df5ada522ff34ffc2f1a48a11b37fc6a76f51a6854c182dbd3e/pycryptodome-3.22.0.tar.gz", hash = "sha256:fd7ab568b3ad7b77c908d7c3f7e167ec5a8f035c64ff74f10d47a4edd043d723", size = 4917300 }
wheels = [
    { url = "https://files.pythonhosted.org/packages/1f/65/a05831c3e4bcd1bf6c2a034e399f74b3d6f30bb4e37e36b9c310c09dc8c0/pycryptodome-3.22.0-cp37-abi3-macosx_10_9_universal2.whl", hash = "sha256:009e1c80eea42401a5bd5983c4bab8d516aef22e014a4705622e24e6d9d703c6", size = 2490637 },
    { url = "https://files.pythonhosted.org/packages/5c/76/ff3c2e7a60d17c080c4c6120ebaf60f38717cd387e77f84da4dcf7f64ff0/pycryptodome-3.22.0-cp37-abi3-macosx_10_9_x86_64.whl", hash = "sha256:3b76fa80daeff9519d7e9f6d9e40708f2fce36b9295a847f00624a08293f4f00", size = 1635372 },
    { url = "https://files.pythonhosted.org/packages/cc/7f/cc5d6da0dbc36acd978d80a72b228e33aadaec9c4f91c93221166d8bdc05/pycryptodome-3.22.0-cp37-abi3-manylinux_2_17_aarch64.manylinux2014_aarch64.whl", hash = "sha256:a31fa5914b255ab62aac9265654292ce0404f6b66540a065f538466474baedbc", size = 2177456 },
    { url = "https://files.pythonhosted.org/packages/92/65/35f5063e68790602d892ad36e35ac723147232a9084d1999630045c34593/pycryptodome-3.22.0-cp37-abi3-manylinux_2_17_x86_64.manylinux2014_x86_64.whl", hash = "sha256:a0092fd476701eeeb04df5cc509d8b739fa381583cda6a46ff0a60639b7cd70d", size = 2263744 },
    { url = "https://files.pythonhosted.org/packages/cc/67/46acdd35b1081c3dbc72dc466b1b95b80d2f64cad3520f994a9b6c5c7d00/pycryptodome-3.22.0-cp37-abi3-manylinux_2_5_i686.manylinux1_i686.manylinux_2_17_i686.manylinux2014_i686.whl", hash = "sha256:18d5b0ddc7cf69231736d778bd3ae2b3efb681ae33b64b0c92fb4626bb48bb89", size = 2303356 },
    { url = "https://files.pythonhosted.org/packages/3d/f9/a4f8a83384626098e3f55664519bec113002b9ef751887086ae63a53135a/pycryptodome-3.22.0-cp37-abi3-musllinux_1_2_aarch64.whl", hash = "sha256:f6cf6aa36fcf463e622d2165a5ad9963b2762bebae2f632d719dfb8544903cf5", size = 2176714 },
    { url = "https://files.pythonhosted.org/packages/88/65/e5f8c3a885f70a6e05c84844cd5542120576f4369158946e8cfc623a464d/pycryptodome-3.22.0-cp37-abi3-musllinux_1_2_i686.whl", hash = "sha256:aec7b40a7ea5af7c40f8837adf20a137d5e11a6eb202cde7e588a48fb2d871a8", size = 2337329 },
    { url = "https://files.pythonhosted.org/packages/b8/2a/25e0be2b509c28375c7f75c7e8d8d060773f2cce4856a1654276e3202339/pycryptodome-3.22.0-cp37-abi3-musllinux_1_2_x86_64.whl", hash = "sha256:d21c1eda2f42211f18a25db4eaf8056c94a8563cd39da3683f89fe0d881fb772", size = 2262255 },
    { url = "https://files.pythonhosted.org/packages/41/58/60917bc4bbd91712e53ce04daf237a74a0ad731383a01288130672994328/pycryptodome-3.22.0-cp37-abi3-win32.whl", hash = "sha256:f02baa9f5e35934c6e8dcec91fcde96612bdefef6e442813b8ea34e82c84bbfb", size = 1763403 },
    { url = "https://files.pythonhosted.org/packages/55/f4/244c621afcf7867e23f63cfd7a9630f14cfe946c9be7e566af6c3915bcde/pycryptodome-3.22.0-cp37-abi3-win_amd64.whl", hash = "sha256:d086aed307e96d40c23c42418cbbca22ecc0ab4a8a0e24f87932eeab26c08627", size = 1794568 },
    { url = "https://files.pythonhosted.org/packages/37/c3/e3423e72669ca09f141aae493e1feaa8b8475859898b04f57078280a61c4/pycryptodome-3.22.0-pp310-pypy310_pp73-macosx_10_15_x86_64.whl", hash = "sha256:b4bdce34af16c1dcc7f8c66185684be15f5818afd2a82b75a4ce6b55f9783e13", size = 1618698 },
    { url = "https://files.pythonhosted.org/packages/f9/b7/35eec0b3919cafea362dcb68bb0654d9cb3cde6da6b7a9d8480ce0bf203a/pycryptodome-3.22.0-pp310-pypy310_pp73-manylinux_2_17_aarch64.manylinux2014_aarch64.whl", hash = "sha256:2988ffcd5137dc2d27eb51cd18c0f0f68e5b009d5fec56fbccb638f90934f333", size = 1666957 },
    { url = "https://files.pythonhosted.org/packages/b0/1f/f49bccdd8d61f1da4278eb0d6aee7f988f1a6ec4056b0c2dc51eda45ae27/pycryptodome-3.22.0-pp310-pypy310_pp73-manylinux_2_17_x86_64.manylinux2014_x86_64.whl", hash = "sha256:e653519dedcd1532788547f00eeb6108cc7ce9efdf5cc9996abce0d53f95d5a9", size = 1659242 },
    { url = "https://files.pythonhosted.org/packages/95/43/a01dcf1ed39c9a9e9c9d3f9d98040deeceedaa7cdf043e175251f2e13f44/pycryptodome-3.22.0-pp310-pypy310_pp73-manylinux_2_5_i686.manylinux1_i686.manylinux_2_17_i686.manylinux2014_i686.whl", hash = "sha256:f5810bc7494e4ac12a4afef5a32218129e7d3890ce3f2b5ec520cc69eb1102ad", size = 1697246 },
    { url = "https://files.pythonhosted.org/packages/3b/49/195842931f9ee6f14cd63ef85e06b93073463ed59601fb283ba9b813cd53/pycryptodome-3.22.0-pp310-pypy310_pp73-win_amd64.whl", hash = "sha256:e7514a1aebee8e85802d154fdb261381f1cb9b7c5a54594545145b8ec3056ae6", size = 1797436 },
]

[[package]]
name = "six"
version = "1.17.0"
source = { registry = "https://pypi.org/simple" }
sdist = { url = "https://files.pythonhosted.org/packages/94/e7/b2c673351809dca68a0e064b6af791aa332cf192da575fd474ed7d6f16a2/six-1.17.0.tar.gz", hash = "sha256:ff70335d468e7eb6ec65b95b99d3a2836546063f63acc5171de367e834932a81", size = 34031 }
wheels = [
    { url = "https://files.pythonhosted.org/packages/b7/ce/149a00dd41f10bc29e5921b496af8b574d8413afcd5e30dfa0ed46c2cc5e/six-1.17.0-py2.py3-none-any.whl", hash = "sha256:4721f391ed90541fddacab5acf947aa0d3dc7d27b2e1e8eda2be8970586c3274", size = 11050 },
]

[[package]]
name = "vyper"
version = "0.4.1"
source = { registry = "https://pypi.org/simple" }
dependencies = [
    { name = "asttokens" },
    { name = "cbor2" },
    { name = "importlib-metadata" },
    { name = "lark" },
    { name = "packaging" },
    { name = "pycryptodome" },
    { name = "wheel" },
]
sdist = { url = "https://files.pythonhosted.org/packages/b3/f1/3848bc040c2715bf77e80cc8cd03359257a959d9cf4a037a3506804cb995/vyper-0.4.1.tar.gz", hash = "sha256:2a219b895c9b5ad6a71237a6fb7d03a6eccaa800faa30ba32418847e350a95e3", size = 734208 }
wheels = [
    { url = "https://files.pythonhosted.org/packages/2f/3f/fb474ea7f3e00a16fb23ea01e1844977e450aca7962e7ad9d11badb61683/vyper-0.4.1-py3-none-any.whl", hash = "sha256:b22e19e20557b3c13fa2721efabc4e926f624af9a3bd328e1da8fb6b727d908f", size = 370776 },
]

[[package]]
name = "wheel"
version = "0.45.1"
source = { registry = "https://pypi.org/simple" }
sdist = { url = "https://files.pythonhosted.org/packages/8a/98/2d9906746cdc6a6ef809ae6338005b3f21bb568bea3165cfc6a243fdc25c/wheel-0.45.1.tar.gz", hash = "sha256:661e1abd9198507b1409a20c02106d9670b2576e916d58f520316666abca6729", size = 107545 }
wheels = [
    { url = "https://files.pythonhosted.org/packages/0b/2c/87f3254fd8ffd29e4c02732eee68a83a1d3c346ae39bc6822dcbcb697f2b/wheel-0.45.1-py3-none-any.whl", hash = "sha256:708e7481cc80179af0e556bbf0cc00b8444c7321e2700b8d8580231d13017248", size = 72494 },
]

[[package]]
name = "ykicks-contracts"
version = "0.1.0"
source = { virtual = "." }
dependencies = [
    { name = "mamushi" },
    { name = "vyper" },
]

[package.metadata]
requires-dist = [
    { name = "mamushi", specifier = "==0.0.4" },
    { name = "vyper", specifier = "==0.4.1" },
]

[[package]]
name = "zipp"
version = "3.21.0"
source = { registry = "https://pypi.org/simple" }
sdist = { url = "https://files.pythonhosted.org/packages/3f/50/bad581df71744867e9468ebd0bcd6505de3b275e06f202c2cb016e3ff56f/zipp-3.21.0.tar.gz", hash = "sha256:2c9958f6430a2040341a52eb608ed6dd93ef4392e02ffe219417c1b28b5dd1f4", size = 24545 }
wheels = [
    { url = "https://files.pythonhosted.org/packages/b7/1a/7e4798e9339adc931158c9d69ecc34f5e6791489d469f5e50ec15e35f458/zipp-3.21.0-py3-none-any.whl", hash = "sha256:ac1bbe05fd2991f160ebce24ffbac5f6d11d83dc90891255885223d42b3cd931", size = 9630 },
]
